
Microsoft Visual Studio Solution File, Format Version 12.00
# Visual Studio Version 16
VisualStudioVersion = 16.0.29926.136
MinimumVisualStudioVersion = 10.0.40219.1
Project("{FAE04EC0-301F-11D3-BF4B-00C04F79EFBC}") = "Baitap_Trang60", "Baitap_Trang60\Baitap_Trang60.csproj", "{DD8B6384-5B38-4504-8477-028C846B9794}"
EndProject
Global
	GlobalSection(SolutionConfigurationPlatforms) = preSolution
		Debug|Any CPU = Debug|Any CPU
		Release|Any CPU = Release|Any CPU
	EndGlobalSection
	GlobalSection(ProjectConfigurationPlatforms) = postSolution
		{DD8B6384-5B38-4504-8477-028C846B9794}.Debug|Any CPU.ActiveCfg = Debug|Any CPU
		{DD8B6384-5B38-4504-8477-028C846B9794}.Debug|Any CPU.Build.0 = Debug|Any CPU
		{DD8B6384-5B38-4504-8477-028C846B9794}.Release|Any CPU.ActiveCfg = Release|Any CPU
		{DD8B6384-5B38-4504-8477-028C846B9794}.Release|Any CPU.Build.0 = Release|Any CPU
	EndGlobalSection
	GlobalSection(SolutionProperties) = preSolution
		HideSolutionNode = FALSE
	EndGlobalSection
	GlobalSection(ExtensibilityGlobals) = postSolution
		SolutionGuid = {E0A83C8E-4FA3-441C-BC46-65CE37A6F7BD}
	EndGlobalSection
EndGlobal
